
Microsoft Visual Studio Solution File, Format Version 12.00
# Visual Studio Version 18
VisualStudioVersion = 18.1.11312.151
MinimumVisualStudioVersion = 10.0.40219.1
Project("{FAE04EC0-301F-11D3-BF4B-00C04F79EFBC}") = "VideoGames.Api", "VideoGames.Api.csproj", "{28F6B398-6047-2DA1-EFF1-187841BFF563}"
EndProject
Project("{FAE04EC0-301F-11D3-BF4B-00C04F79EFBC}") = "VideoGames.Test", "..\VideoGames.Test\VideoGames.Test.csproj", "{E67E1118-2D96-4185-B1E8-5D8D69B9537C}"
EndProject
Global
	GlobalSection(SolutionConfigurationPlatforms) = preSolution
		Debug|Any CPU = Debug|Any CPU
		Release|Any CPU = Release|Any CPU
	EndGlobalSection
	GlobalSection(ProjectConfigurationPlatforms) = postSolution
		{28F6B398-6047-2DA1-EFF1-187841BFF563}.Debug|Any CPU.ActiveCfg = Debug|Any CPU
		{28F6B398-6047-2DA1-EFF1-187841BFF563}.Debug|Any CPU.Build.0 = Debug|Any CPU
		{28F6B398-6047-2DA1-EFF1-187841BFF563}.Release|Any CPU.ActiveCfg = Release|Any CPU
		{28F6B398-6047-2DA1-EFF1-187841BFF563}.Release|Any CPU.Build.0 = Release|Any CPU
		{E67E1118-2D96-4185-B1E8-5D8D69B9537C}.Debug|Any CPU.ActiveCfg = Debug|Any CPU
		{E67E1118-2D96-4185-B1E8-5D8D69B9537C}.Debug|Any CPU.Build.0 = Debug|Any CPU
		{E67E1118-2D96-4185-B1E8-5D8D69B9537C}.Release|Any CPU.ActiveCfg = Release|Any CPU
		{E67E1118-2D96-4185-B1E8-5D8D69B9537C}.Release|Any CPU.Build.0 = Release|Any CPU
	EndGlobalSection
	GlobalSection(SolutionProperties) = preSolution
		HideSolutionNode = FALSE
	EndGlobalSection
	GlobalSection(ExtensibilityGlobals) = postSolution
		SolutionGuid = {1F463F0F-B6D9-48FC-A387-FA9F0465522F}
	EndGlobalSection
EndGlobal
